{
    "_meta": {
        "hash": {
            "sha256": "9a4b1e6bc1fb5f86cc59cc97ac2026c98c6c7da5045491cb15072ee3004dd78d"
        },
        "pipfile-spec": 6,
        "requires": {
            "python_version": "3.6"
        },
        "sources": [
            {
                "name": "redhat-aicoe-experiments",
                "url": "https://index-aicoe.a3c1.starter-us-west-1.openshiftapps.com/fedora28/1.9/jemalloc",
                "verify_ssl": true
            },
            {
                "name": "pypi",
                "url": "https://pypi.org/simple",
                "verify_ssl": true
            }
        ]
    },
    "default": {
        "absl-py": {
            "hashes": [
                "sha256:fcb729e9a3cf1a8f88f6c3a6465859c42116f23e1feb6208825eb88f3fd2b880"
            ],
            "version": "==0.3.0"
        },
        "astor": {
            "hashes": [
                "sha256:95c30d87a6c2cf89aa628b87398466840f0ad8652f88eb173125a6df8533fb8d",
                "sha256:fb503b9e2fdd05609fbf557b916b4a7824171203701660f0c55bbf5a7a68713e"
            ],
            "version": "==0.7.1"
        },
        "bleach": {
            "hashes": [
                "sha256:978e758599b54cd3caa2e160d74102879b230ea8dc93871d0783721eef58bc65",
                "sha256:e67f46adcec78dbc3c04462f3aba3213a673d5652eba2609ed1ef15492a44b8d"
            ],
            "version": "==1.5.0"
        },
        "gast": {
            "hashes": [
                "sha256:7068908321ecd2774f145193c4b34a11305bd104b4551b09273dfd1d6a374930"
            ],
            "version": "==0.2.0"
        },
        "grpcio": {
            "hashes": [
                "sha256:03764df0e285a4277a1cf8e1a3eef0b21e2f0cd998244f3f2a5d654b6b3607a5",
                "sha256:08f3f9380a781930748b14190f19946c80b6da1929005ddedc0a7a803f4a2d1c",
                "sha256:0914e2f7e194179f1a0ee9cf70d7e5fc50752e89ed303847353c0edbaa7bc434",
                "sha256:1cc17e0a9801cfdc920a3572fd839f0189006d177b56da70c1188dbba1550c9c",
                "sha256:23f0d07d3e0e18f7f0a5edd6c886233f432ee20d6aebaa644af67f695805b28b",
                "sha256:270f5ab53b9364cc40f9fac396968dd62538de98eca855044a410bdac0dfe840",
                "sha256:350ca2d103590db498aaed939757ad97626036af58935f7133f815d4c0fe3213",
                "sha256:3d047e016bf888520f4c18530309769ea913c3526a2cfb05e7505766d0083239",
                "sha256:3d060d4e5a7f848221aaff04e5972884c9d15635394f2c93f95e43d616ffbf36",
                "sha256:3e951d82c7c933fa0412e12bf4d564701490d5ac6e80b9c5e289aa855bdfabb4",
                "sha256:52672e45ef93a5ee4cb9f819e5e1a2e0169ee81ea4767dd4945d059fe3f99b1d",
                "sha256:56f87f992dba10a161a778e2c620ac2f83f958dee8443337014cd9cd4ecadf97",
                "sha256:620a01c15d4b63f68987e5fc52d6e37782af2b4950a9a551d955cc5401d700b2",
                "sha256:620c84798edf6ced59b821a5e9621d573a6d180bec82e3c64d38fd34b159cb25",
                "sha256:6cd4bfee20b8c60d83a2b7c78ba9ad2aea2f98326cbe39d4ec5060052c35757b",
                "sha256:72219f91f67bd34eefb4b41eb717cc880ed41ebd7061110fc1f026f2951b571a",
                "sha256:75a147fd5c468ed66b0c4aed79340fcc7ded744d72faa934f9e936dc42a854db",
                "sha256:78c08a1b654cc163cae135c45bd2c4716f27748822bd16dd6275a5027f46c98a",
                "sha256:8868bd290ce0eeb5ca0e5f8bc6abaae080832c3a26d95b27a1e986c78f69353e",
                "sha256:944a1a7260b89ae1179e1568ec0c308cddbab7ae8bb2ef8af3af2272f530d61f",
                "sha256:98bde58b5bb5545a4c697a657f8ca9f550a4f2c29326b7b7f7019020e063a4b6",
                "sha256:b7786f3f3b6e3f1ea29863018e2d32a72c725cc68d0726033edf5bddf685431e",
                "sha256:bd1a267a28ddf84642786094a58003f038bf0c8fb63c465d39cb7032e56b14ab",
                "sha256:cef4ffd715cceec4557cb0d2b2f226b3422ae3dfc40a84497c55a1ba763d12bc",
                "sha256:d02e958b2f6171ad191c845c9eb6ba8c398d021cf08e4ecf397c959894cae1a9",
                "sha256:d74242eb9f0fe74d8fff3e3993982b7b38d2933a9a823891f996dea26e822f82",
                "sha256:e5e5728fbc2b576e9aeca29e27cf451b6afa8dc45f36c4acfb10e820ee0148a8",
                "sha256:eb949d9c5f60a12b8c60db4fa3c8aeaa9c6d8283162622244d103f6bb040edb5",
                "sha256:ed1a4d041dc24840dcf02bab6d7bc0d0ea7e8621230fc616d7af2e2336c921ad",
                "sha256:edc21cdd3adb5cedd04cb0fcc45c6d66822198603f5ad05c436c4f08d7032e83",
                "sha256:f7a65cdfb01badd34b338ad6b4e3dc39e32f12a066ef3f51178c1c2a26a349ce"
            ],
            "version": "==1.14.0rc1"
        },
        "html5lib": {
            "hashes": [
                "sha256:2612a191a8d5842bfa057e41ba50bbb9dcb722419d2408c78cff4758d0754868"
            ],
            "version": "==0.9999999"
        },
        "markdown": {
            "hashes": [
                "sha256:9ba587db9daee7ec761cfc656272be6aabe2ed300fece21208e4aab2e457bc8f",
                "sha256:a856869c7ff079ad84a3e19cd87a64998350c2b94e9e08e44270faef33400f81"
            ],
            "version": "==2.6.11"
        },
        "numpy": {
            "hashes": [
                "sha256:14fb76bde161c87dcec52d91c78f65aa8a23aa2e1530a71f412dabe03927d917",
                "sha256:21041014b7529237994a6b578701c585703fbb3b1bea356cdb12a5ea7804241c",
                "sha256:24f3bb9a5f6c3936a8ccd4ddfc1210d9511f4aeb879a12efd2e80bec647b8695",
                "sha256:34033b581bc01b1135ca2e3e93a94daea7c739f21a97a75cca93e29d9f0c8e71",
                "sha256:3fbccb399fe9095b1c1d7b41e7c7867db8aa0d2347fc44c87a7a180cedda112b",
                "sha256:50718eea8e77a1bedcc85befd22c8dbf5a24c9d2c0c1e36bbb8d7a38da847eb3",
                "sha256:55daf757e5f69aa75b4477cf4511bf1f96325c730e4ad32d954ccb593acd2585",
                "sha256:61efc65f325770bbe787f34e00607bc124f08e6c25fdf04723848585e81560dc",
                "sha256:62cb836506f40ce2529bfba9d09edc4b2687dd18c56cf4457e51c3e7145402fd",
                "sha256:64c6acf5175745fd1b7b7e17c74fdbfb7191af3b378bc54f44560279f41238d3",
                "sha256:674ea7917f0657ddb6976bd102ac341bc493d072c32a59b98e5b8c6eaa2d5ec0",
                "sha256:73a816e441dace289302e04a7a34ec4772ed234ab6885c968e3ca2fc2d06fe2d",
                "sha256:78c35dc7ad184aebf3714dbf43f054714c6e430e14b9c06c49a864fb9e262030",
                "sha256:7f17efe9605444fcbfd990ba9b03371552d65a3c259fc2d258c24fb95afdd728",
                "sha256:816645178f2180be257a576b735d3ae245b1982280b97ae819550ce8bcdf2b6b",
                "sha256:924f37e66db78464b4b85ed4b6d2e5cda0c0416e657cac7ccbef14b9fa2c40b5",
                "sha256:a17a8fd5df4fec5b56b4d11c9ba8b9ebfb883c90ec361628d07be00aaa4f009a",
                "sha256:aaa519335a71f87217ca8a680c3b66b61960e148407bdf5c209c42f50fe30f49",
                "sha256:ae3864816287d0e86ead580b69921daec568fe680857f07ee2a87bf7fd77ce24",
                "sha256:b5f8c15cb9173f6cdf0f994955e58d1265331029ae26296232379461a297e5f2",
                "sha256:c3ac359ace241707e5a48fe2922e566ac666aacacf4f8031f2994ac429c31344",
                "sha256:c7c660cc0209fdf29a4e50146ca9ac9d8664acaded6b6ae2f5d0ae2e91a0f0cd",
                "sha256:d690a2ff49f6c3bc35336693c9924fe5916be3cc0503fe1ea6c7e2bf951409ee",
                "sha256:e2317cf091c2e7f0dacdc2e72c693cc34403ca1f8e3807622d0bb653dc978616",
                "sha256:f28e73cf18d37a413f7d5de35d024e6b98f14566a10d82100f9dc491a7d449f9",
                "sha256:f2a778dd9bb3e4590dbe3bbac28e7c7134280c4ec97e3bf8678170ee58c67b21",
                "sha256:f5a758252502b466b9c2b201ea397dae5a914336c987f3a76c3741a82d43c96e",
                "sha256:fb4c33a404d9eff49a0cdc8ead0af6453f62f19e071b60d283f9dc05581e4134"
            ],
            "version": "==1.15.0"
        },
        "protobuf": {
            "hashes": [
                "sha256:12985d9f40c104da2f44ec089449214876809b40fdc5d9e43b93b512b9e74056",
                "sha256:12c97fe27af12fc5d66b23f905ab09dd4fb0c68d5a74a419d914580e6d2e71e3",
                "sha256:327fb9d8a8247bc780b9ea7ed03c0643bc0d22c139b761c9ec1efc7cc3f0923e",
                "sha256:3895319db04c0b3baed74fb66be7ba9f4cd8e88a432b8e71032cdf08b2dfee23",
                "sha256:695072063e256d32335d48b9484451f7c7948edc3dbd419469d6a778602682fc",
                "sha256:7d786f3ef5b33a04e6538089674f244a3b0f588155016559d950989010af97d0",
                "sha256:8bf82bb7a466a54be7272dcb492f71d55a2453a58d862fb74c3f2083f2768543",
                "sha256:9bbc1ae1c33c1bd3a2fc05a3aec328544d2b039ff0ce6f000063628a32fad777",
                "sha256:9f1087abb67b34e55108bc610936b34363a7aac692023bcbb17e065c253a1f80",
                "sha256:9fefcb92a3784b446abf3641d9a14dad815bee88e0edd10b9a9e0e144d01a991",
                "sha256:a37836aa47d1b81c2db1a6b7a5e79926062b5d76bd962115a0e615551be2b48d",
                "sha256:cca22955443c55cf86f963a4ad7057bca95e4dcde84d6a493066d380cfab3bb0",
                "sha256:d7ac50bc06d31deb07ace6de85556c1d7330e5c0958f3b2af85037d6d1182abf",
                "sha256:dfe6899304b898538f4dc94fa0b281b56b70e40f58afa4c6f807805261cbe2e8"
            ],
            "version": "==3.6.0"
        },
        "six": {
            "hashes": [
                "sha256:70e8a77beed4562e7f14fe23a786b54f6296e34344c23bc42f07b15018ff98e9",
                "sha256:832dc0e10feb1aa2c68dcc57dbb658f1c7e65b9b61af69048abc87a2db00a0eb"
            ],
            "version": "==1.11.0"
        },
        "tensorboard": {
            "hashes": [
                "sha256:2651a4d9261a6593cb2c3514576e4bf25e273837c79e98f68a3cf51759f68725",
                "sha256:7776cc8bcfd0d07cd106e9e86c011ab8eca38c97b57f5433b9f0fd6bbf31a36e"
            ],
            "version": "==1.8.0"
        },
        "tensorflow": {
            "hashes": [
                "sha256:0588ac4f2b2e3994a5245c9be13a58e6128c26f7e6eb61c2ef90d82b58b78d4c",
                "sha256:1a83b8e789a5b9bfdfc671d4368b976a8d9cc5d217209264cc987885ff55a6b1",
                "sha256:4dedb5dacd20df1e545835a40ad6b337fda11e32432bd643e4a8cd484d72fe0a",
                "sha256:522b3f7c2e1f516c9dbd973e757189eb4b174ae752409583ca416e2e6d1eb8a4",
                "sha256:543327c6a3a81eab0e1ab5537a92e37562eb291af5e4acc60feaf619cb120f76",
                "sha256:7206e7339787f8e7f5ff617c6f5c6546b6405459dec84defd082917e43524d69",
                "sha256:7797c520b5c4deccf42f65d886c8b2207e02c37c5c2e8a8e66bfdd241f9be142",
                "sha256:901321bc8227f0bc08831f77daa8b3c44ae73dcd24a9f2fe1fbe7856f56fc495",
                "sha256:921707089807c4f6472ef0c90772d4e84641fa1b774a63bcff0fd923ef8a6261",
                "sha256:b763ae5db7645a653bd7c1975540200377b06e0ae9f1148ebb80d96db6432afb",
                "sha256:c6b99225b2c7732797162111641367542be2826f50c80404f2395d51e13254e0",
                "sha256:e61e0368e7eaa6e310f50b3d3538720e808b88ffba46e86e02e9b20e22812233"
            ],
            "index": "redhat-aicoe-experiments",
            "version": "==1.9.0"
        },
        "termcolor": {
            "hashes": [
                "sha256:1d6d69ce66211143803fbc56652b41d73b4a400a2891d7bf7a1cdf4c02de613b"
            ],
            "version": "==1.1.0"
        },
        "werkzeug": {
            "hashes": [
                "sha256:c3fd7a7d41976d9f44db327260e263132466836cef6f91512889ed60ad26557c",
                "sha256:d5da73735293558eb1651ee2fddc4d0dedcfa06538b8813a2e20011583c9e49b"
            ],
            "version": "==0.14.1"
        },
        "wheel": {
            "hashes": [
                "sha256:0a2e54558a0628f2145d2fc822137e322412115173e8a2ddbe1c9024338ae83c",
                "sha256:80044e51ec5bbf6c894ba0bc48d26a8c20a9ba629f4ca19ea26ecfcf87685f5f"
            ],
            "markers": "python_version >= '3'",
            "version": "==0.31.1"
        }
    },
    "develop": {}
}
